{
  "name": "workerouter",
  "version": "0.0.1",
  "lockfileVersion": 3,
  "requires": true,
  "packages": {
    "": {
      "name": "workerouter",
      "version": "0.0.1",
      "dependencies": {
        "@types/node": "^16.18.12",
        "@types/uuid": "^9.0.0",
        "@zimtsui/json-rpc": "github:zimtsui/json-rpc",
        "startable": "github:zimtsui/startable",
        "uuid": "^9.0.0"
      },
      "engines": {
        "node": ">=16"
      }
    },
    "node_modules/@types/assert": {
      "version": "1.5.6",
      "resolved": "https://registry.npmmirror.com/@types/assert/-/assert-1.5.6.tgz",
      "integrity": "sha512-Y7gDJiIqb9qKUHfBQYOWGngUpLORtirAVPuj/CWJrU2C6ZM4/y3XLwuwfGMF8s7QzW746LQZx23m0+1FSgjfug=="
    },
    "node_modules/@types/node": {
      "version": "16.18.12",
      "resolved": "https://registry.npmmirror.com/@types/node/-/node-16.18.12.tgz",
      "integrity": "sha512-vzLe5NaNMjIE3mcddFVGlAXN1LEWueUsMsOJWaT6wWMJGyljHAWHznqfnKUQWGzu7TLPrGvWdNAsvQYW+C0xtw=="
    },
    "node_modules/@types/uuid": {
      "version": "9.0.0",
      "resolved": "https://registry.npmmirror.com/@types/uuid/-/uuid-9.0.0.tgz",
      "integrity": "sha512-kr90f+ERiQtKWMz5rP32ltJ/BtULDI5RVO0uavn1HQUOwjx0R1h0rnDYNL0CepF1zL5bSY6FISAfd9tOdDhU5Q=="
    },
    "node_modules/@zimtsui/json-rpc": {
      "version": "0.0.1",
      "resolved": "git+ssh://git@github.com/zimtsui/json-rpc.git#5a0a4251ace911f51f4b9410ad5a53bdd2c4150b"
    },
    "node_modules/@zimtsui/manual-promise": {
      "version": "0.0.5",
      "resolved": "https://registry.npmmirror.com/@zimtsui/manual-promise/-/manual-promise-0.0.5.tgz",
      "integrity": "sha512-hdOll16TAHv/g+BtZmiZ3XbrrEzhlO13AYSTjqXI7qobl6AwHTBm9z0pniUlQbBFtWnC3Md7In6XwKNsVZloYQ=="
    },
    "node_modules/assert": {
      "version": "1.5.0",
      "resolved": "https://registry.npmmirror.com/assert/-/assert-1.5.0.tgz",
      "integrity": "sha512-EDsgawzwoun2CZkCgtxJbv392v4nbk9XDD06zI+kQYoBM/3RBWLlEyJARDOmhAAosBjWACEkKL6S+lIZtcAubA==",
      "dependencies": {
        "object-assign": "^4.1.1",
        "util": "0.10.3"
      }
    },
    "node_modules/autobind-decorator": {
      "version": "2.4.0",
      "resolved": "https://registry.npmmirror.com/autobind-decorator/-/autobind-decorator-2.4.0.tgz",
      "integrity": "sha512-OGYhWUO72V6DafbF8PM8rm3EPbfuyMZcJhtm5/n26IDwO18pohE4eNazLoCGhPiXOCD0gEGmrbU3849QvM8bbw==",
      "engines": {
        "node": ">=8.10",
        "npm": ">=6.4.1"
      }
    },
    "node_modules/inherits": {
      "version": "2.0.1",
      "resolved": "https://registry.npmmirror.com/inherits/-/inherits-2.0.1.tgz",
      "integrity": "sha512-8nWq2nLTAwd02jTqJExUYFSD/fKq6VH9Y/oG2accc/kdI0V98Bag8d5a4gi3XHz73rDWa2PvTtvcWYquKqSENA=="
    },
    "node_modules/object-assign": {
      "version": "4.1.1",
      "resolved": "https://registry.npmmirror.com/object-assign/-/object-assign-4.1.1.tgz",
      "integrity": "sha512-rJgTQnkUnH1sFw8yT6VSU3zD3sWmu6sZhIseY8VX+GRu3P6F7Fu+JNDoXfklElbLJSnc3FUQHVe4cU5hj+BcUg==",
      "engines": {
        "node": ">=0.10.0"
      }
    },
    "node_modules/startable": {
      "version": "0.0.1",
      "resolved": "git+ssh://git@github.com/zimtsui/startable.git#5d570e0156d9f0c9c46ac688ddb5791d6f5ca8fc",
      "license": "SEE LICENSE IN ./LICENSE",
      "dependencies": {
        "@types/assert": "^1.5.6",
        "@zimtsui/manual-promise": "^0.0.5",
        "assert": "^1.5.0",
        "autobind-decorator": "^2.4.0"
      }
    },
    "node_modules/util": {
      "version": "0.10.3",
      "resolved": "https://registry.npmmirror.com/util/-/util-0.10.3.tgz",
      "integrity": "sha512-5KiHfsmkqacuKjkRkdV7SsfDJ2EGiPsK92s2MhNSY0craxjTdKTtqKsJaCWp4LW33ZZ0OPUv1WO/TFvNQRiQxQ==",
      "dependencies": {
        "inherits": "2.0.1"
      }
    },
    "node_modules/uuid": {
      "version": "9.0.0",
      "resolved": "https://registry.npmmirror.com/uuid/-/uuid-9.0.0.tgz",
      "integrity": "sha512-MXcSTerfPa4uqyzStbRoTgt5XIe3x5+42+q1sDuy3R5MDk66URdLMOZe5aPX/SQd+kuYAh0FdP/pO28IkQyTeg==",
      "bin": {
        "uuid": "dist/bin/uuid"
      }
    }
  }
}
